// !$*UTF8*$!
{
	archiveVersion = 1;
	classes = {
	};
	objectVersion = 50;
	objects = {

/* Begin PBXBuildFile section */
		85147A1D23DD54B600F4721C /* signUpViewController.swift in Sources */ = {isa = PBXBuildFile; fileRef = 85147A1C23DD54B600F4721C /* signUpViewController.swift */; };
		85741F1123D969DC004E0841 /* signInViewController.swift in Sources */ = {isa = PBXBuildFile; fileRef = 85741F1023D969DC004E0841 /* signInViewController.swift */; };
		85C118CC23CF420D005F32E0 /* AppDelegate.swift in Sources */ = {isa = PBXBuildFile; fileRef = 85C118CB23CF420D005F32E0 /* AppDelegate.swift */; };
		85C118CE23CF420D005F32E0 /* SceneDelegate.swift in Sources */ = {isa = PBXBuildFile; fileRef = 85C118CD23CF420D005F32E0 /* SceneDelegate.swift */; };
		85C118D023CF420D005F32E0 /* ViewController.swift in Sources */ = {isa = PBXBuildFile; fileRef = 85C118CF23CF420D005F32E0 /* ViewController.swift */; };
		85C118D323CF420D005F32E0 /* Main.storyboard in Resources */ = {isa = PBXBuildFile; fileRef = 85C118D123CF420D005F32E0 /* Main.storyboard */; };
		85C118D523CF420E005F32E0 /* Assets.xcassets in Resources */ = {isa = PBXBuildFile; fileRef = 85C118D423CF420E005F32E0 /* Assets.xcassets */; };
		85C118D823CF420E005F32E0 /* LaunchScreen.storyboard in Resources */ = {isa = PBXBuildFile; fileRef = 85C118D623CF420E005F32E0 /* LaunchScreen.storyboard */; };
		85C118E423CF4A79005F32E0 /* SliderCollectionViewCell.swift in Sources */ = {isa = PBXBuildFile; fileRef = 85C118E323CF4A79005F32E0 /* SliderCollectionViewCell.swift */; };
		85C118E623CF4A8B005F32E0 /* DivitionCollectionViewCell.swift in Sources */ = {isa = PBXBuildFile; fileRef = 85C118E523CF4A8B005F32E0 /* DivitionCollectionViewCell.swift */; };
		85C118E823CF62FA005F32E0 /* PlaceViewController.swift in Sources */ = {isa = PBXBuildFile; fileRef = 85C118E723CF62F9005F32E0 /* PlaceViewController.swift */; };
		85C118EA23CF6963005F32E0 /* PlacesTableViewCell.swift in Sources */ = {isa = PBXBuildFile; fileRef = 85C118E923CF6963005F32E0 /* PlacesTableViewCell.swift */; };
		85C118EC23CF7031005F32E0 /* DetailsViewController.swift in Sources */ = {isa = PBXBuildFile; fileRef = 85C118EB23CF7031005F32E0 /* DetailsViewController.swift */; };
/* End PBXBuildFile section */

/* Begin PBXFileReference section */
		85147A1C23DD54B600F4721C /* signUpViewController.swift */ = {isa = PBXFileReference; lastKnownFileType = sourcecode.swift; path = signUpViewController.swift; sourceTree = "<group>"; };
		85741F1023D969DC004E0841 /* signInViewController.swift */ = {isa = PBXFileReference; lastKnownFileType = sourcecode.swift; path = signInViewController.swift; sourceTree = "<group>"; };
		85C118C823CF420D005F32E0 /* TripSome.app */ = {isa = PBXFileReference; explicitFileType = wrapper.application; includeInIndex = 0; path = TripSome.app; sourceTree = BUILT_PRODUCTS_DIR; };
		85C118CB23CF420D005F32E0 /* AppDelegate.swift */ = {isa = PBXFileReference; lastKnownFileType = sourcecode.swift; path = AppDelegate.swift; sourceTree = "<group>"; };
		85C118CD23CF420D005F32E0 /* SceneDelegate.swift */ = {isa = PBXFileReference; lastKnownFileType = sourcecode.swift; path = SceneDelegate.swift; sourceTree = "<group>"; };
		85C118CF23CF420D005F32E0 /* ViewController.swift */ = {isa = PBXFileReference; lastKnownFileType = sourcecode.swift; path = ViewController.swift; sourceTree = "<group>"; };
		85C118D223CF420D005F32E0 /* Base */ = {isa = PBXFileReference; lastKnownFileType = file.storyboard; name = Base; path = Base.lproj/Main.storyboard; sourceTree = "<group>"; };
		85C118D423CF420E005F32E0 /* Assets.xcassets */ = {isa = PBXFileReference; lastKnownFileType = folder.assetcatalog; path = Assets.xcassets; sourceTree = "<group>"; };
		85C118D723CF420E005F32E0 /* Base */ = {isa = PBXFileReference; lastKnownFileType = file.storyboard; name = Base; path = Base.lproj/LaunchScreen.storyboard; sourceTree = "<group>"; };
		85C118D923CF420E005F32E0 /* Info.plist */ = {isa = PBXFileReference; lastKnownFileType = text.plist.xml; path = Info.plist; sourceTree = "<group>"; };
		85C118E323CF4A79005F32E0 /* SliderCollectionViewCell.swift */ = {isa = PBXFileReference; lastKnownFileType = sourcecode.swift; path = SliderCollectionViewCell.swift; sourceTree = "<group>"; };
		85C118E523CF4A8B005F32E0 /* DivitionCollectionViewCell.swift */ = {isa = PBXFileReference; lastKnownFileType = sourcecode.swift; path = DivitionCollectionViewCell.swift; sourceTree = "<group>"; };
		85C118E723CF62F9005F32E0 /* PlaceViewController.swift */ = {isa = PBXFileReference; lastKnownFileType = sourcecode.swift; path = PlaceViewController.swift; sourceTree = "<group>"; };
		85C118E923CF6963005F32E0 /* PlacesTableViewCell.swift */ = {isa = PBXFileReference; lastKnownFileType = sourcecode.swift; path = PlacesTableViewCell.swift; sourceTree = "<group>"; };
		85C118EB23CF7031005F32E0 /* DetailsViewController.swift */ = {isa = PBXFileReference; lastKnownFileType = sourcecode.swift; path = DetailsViewController.swift; sourceTree = "<group>"; };
/* End PBXFileReference section */

/* Begin PBXFrameworksBuildPhase section */
		85C118C523CF420D005F32E0 /* Frameworks */ = {
			isa = PBXFrameworksBuildPhase;
			buildActionMask = 2147483647;
			files = (
			);
			runOnlyForDeploymentPostprocessing = 0;
		};
/* End PBXFrameworksBuildPhase section */

/* Begin PBXGroup section */
		85C118BF23CF420D005F32E0 = {
			isa = PBXGroup;
			children = (
				85C118CA23CF420D005F32E0 /* TripSome */,
				85C118C923CF420D005F32E0 /* Products */,
			);
			sourceTree = "<group>";
		};
		85C118C923CF420D005F32E0 /* Products */ = {
			isa = PBXGroup;
			children = (
				85C118C823CF420D005F32E0 /* TripSome.app */,
			);
			name = Products;
			sourceTree = "<group>";
		};
		85C118CA23CF420D005F32E0 /* TripSome */ = {
			isa = PBXGroup;
			children = (
				85C118D123CF420D005F32E0 /* Main.storyboard */,
				85C118D623CF420E005F32E0 /* LaunchScreen.storyboard */,
				85C118E023CF4A09005F32E0 /* Model */,
				85C118E123CF4A12005F32E0 /* View */,
				85C118DF23CF49F1005F32E0 /* Controller */,
				85C118E223CF4A1B005F32E0 /* Others */,
				85C118D923CF420E005F32E0 /* Info.plist */,
			);
			path = TripSome;
			sourceTree = "<group>";
		};
		85C118DF23CF49F1005F32E0 /* Controller */ = {
			isa = PBXGroup;
			children = (
				85741F1023D969DC004E0841 /* signInViewController.swift */,
				85147A1C23DD54B600F4721C /* signUpViewController.swift */,
				85C118CF23CF420D005F32E0 /* ViewController.swift */,
				85C118E923CF6963005F32E0 /* PlacesTableViewCell.swift */,
				85C118EB23CF7031005F32E0 /* DetailsViewController.swift */,
				85C118E723CF62F9005F32E0 /* PlaceViewController.swift */,
				85C118E523CF4A8B005F32E0 /* DivitionCollectionViewCell.swift */,
				85C118E323CF4A79005F32E0 /* SliderCollectionViewCell.swift */,
			);
			path = Controller;
			sourceTree = "<group>";
		};
		85C118E023CF4A09005F32E0 /* Model */ = {
			isa = PBXGroup;
			children = (
				85C118CB23CF420D005F32E0 /* AppDelegate.swift */,
				85C118CD23CF420D005F32E0 /* SceneDelegate.swift */,
			);
			path = Model;
			sourceTree = "<group>";
		};
		85C118E123CF4A12005F32E0 /* View */ = {
			isa = PBXGroup;
			children = (
			);
			path = View;
			sourceTree = "<group>";
		};
		85C118E223CF4A1B005F32E0 /* Others */ = {
			isa = PBXGroup;
			children = (
				85C118D423CF420E005F32E0 /* Assets.xcassets */,
			);
			path = Others;
			sourceTree = "<group>";
		};
/* End PBXGroup section */

/* Begin PBXNativeTarget section */
		85C118C723CF420D005F32E0 /* TripSome */ = {
			isa = PBXNativeTarget;
			buildConfigurationList = 85C118DC23CF420E005F32E0 /* Build configuration list for PBXNativeTarget "TripSome" */;
			buildPhases = (
				85C118C423CF420D005F32E0 /* Sources */,
				85C118C523CF420D005F32E0 /* Frameworks */,
				85C118C623CF420D005F32E0 /* Resources */,
			);
			buildRules = (
			);
			dependencies = (
			);
			name = TripSome;
			productName = TripSome;
			productReference = 85C118C823CF420D005F32E0 /* TripSome.app */;
			productType = "com.apple.product-type.application";
		};
/* End PBXNativeTarget section */

/* Begin PBXProject section */
		85C118C023CF420D005F32E0 /* Project object */ = {
			isa = PBXProject;
			attributes = {
				LastSwiftUpdateCheck = 1130;
				LastUpgradeCheck = 1130;
				ORGANIZATIONNAME = "AL Mustakim";
				TargetAttributes = {
					85C118C723CF420D005F32E0 = {
						CreatedOnToolsVersion = 11.3.1;
					};
				};
			};
			buildConfigurationList = 85C118C323CF420D005F32E0 /* Build configuration list for PBXProject "TripSome" */;
			compatibilityVersion = "Xcode 9.3";
			developmentRegion = en;
			hasScannedForEncodings = 0;
			knownRegions = (
				en,
				Base,
			);
			mainGroup = 85C118BF23CF420D005F32E0;
			productRefGroup = 85C118C923CF420D005F32E0 /* Products */;
			projectDirPath = "";
			projectRoot = "";
			targets = (
				85C118C723CF420D005F32E0 /* TripSome */,
			);
		};
/* End PBXProject section */

/* Begin PBXResourcesBuildPhase section */
		85C118C623CF420D005F32E0 /* Resources */ = {
			isa = PBXResourcesBuildPhase;
			buildActionMask = 2147483647;
			files = (
				85C118D823CF420E005F32E0 /* LaunchScreen.storyboard in Resources */,
				85C118D523CF420E005F32E0 /* Assets.xcassets in Resources */,
				85C118D323CF420D005F32E0 /* Main.storyboard in Resources */,
			);
			runOnlyForDeploymentPostprocessing = 0;
		};
/* End PBXResourcesBuildPhase section */

/* Begin PBXSourcesBuildPhase section */
		85C118C423CF420D005F32E0 /* Sources */ = {
			isa = PBXSourcesBuildPhase;
			buildActionMask = 2147483647;
			files = (
				85147A1D23DD54B600F4721C /* signUpViewController.swift in Sources */,
				85C118E823CF62FA005F32E0 /* PlaceViewController.swift in Sources */,
				85C118E623CF4A8B005F32E0 /* DivitionCollectionViewCell.swift in Sources */,
				85C118EA23CF6963005F32E0 /* PlacesTableViewCell.swift in Sources */,
				85C118EC23CF7031005F32E0 /* DetailsViewController.swift in Sources */,
				85C118D023CF420D005F32E0 /* ViewController.swift in Sources */,
				85C118CC23CF420D005F32E0 /* AppDelegate.swift in Sources */,
				85C118CE23CF420D005F32E0 /* SceneDelegate.swift in Sources */,
				85741F1123D969DC004E0841 /* signInViewController.swift in Sources */,
				85C118E423CF4A79005F32E0 /* SliderCollectionViewCell.swift in Sources */,
			);
			runOnlyForDeploymentPostprocessing = 0;
		};
/* End PBXSourcesBuildPhase section */

/* Begin PBXVariantGroup section */
		85C118D123CF420D005F32E0 /* Main.storyboard */ = {
			isa = PBXVariantGroup;
			children = (
				85C118D223CF420D005F32E0 /* Base */,
			);
			name = Main.storyboard;
			sourceTree = "<group>";
		};
		85C118D623CF420E005F32E0 /* LaunchScreen.storyboard */ = {
			isa = PBXVariantGroup;
			children = (
				85C118D723CF420E005F32E0 /* Base */,
			);
			name = LaunchScreen.storyboard;
			sourceTree = "<group>";
		};
/* End PBXVariantGroup section */

/* Begin XCBuildConfiguration section */
		85C118DA23CF420E005F32E0 /* Debug */ = {
			isa = XCBuildConfiguration;
			buildSettings = {
				ALWAYS_SEARCH_USER_PATHS = NO;
				CLANG_ANALYZER_NONNULL = YES;
				CLANG_ANALYZER_NUMBER_OBJECT_CONVERSION = YES_AGGRESSIVE;
				CLANG_CXX_LANGUAGE_STANDARD = "gnu++14";
				CLANG_CXX_LIBRARY = "libc++";
				CLANG_ENABLE_MODULES = YES;
				CLANG_ENABLE_OBJC_ARC = YES;
				CLANG_ENABLE_OBJC_WEAK = YES;
				CLANG_WARN_BLOCK_CAPTURE_AUTORELEASING = YES;
				CLANG_WARN_BOOL_CONVERSION = YES;
				CLANG_WARN_COMMA = YES;
				CLANG_WARN_CONSTANT_CONVERSION = YES;
				CLANG_WARN_DEPRECATED_OBJC_IMPLEMENTATIONS = YES;
				CLANG_WARN_DIRECT_OBJC_ISA_USAGE = YES_ERROR;
				CLANG_WARN_DOCUMENTATION_COMMENTS = YES;
				CLANG_WARN_EMPTY_BODY = YES;
				CLANG_WARN_ENUM_CONVERSION = YES;
				CLANG_WARN_INFINITE_RECURSION = YES;
				CLANG_WARN_INT_CONVERSION = YES;
				CLANG_WARN_NON_LITERAL_NULL_CONVERSION = YES;
				CLANG_WARN_OBJC_IMPLICIT_RETAIN_SELF = YES;
				CLANG_WARN_OBJC_LITERAL_CONVERSION = YES;
				CLANG_WARN_OBJC_ROOT_CLASS = YES_ERROR;
				CLANG_WARN_RANGE_LOOP_ANALYSIS = YES;
				CLANG_WARN_STRICT_PROTOTYPES = YES;
				CLANG_WARN_SUSPICIOUS_MOVE = YES;
				CLANG_WARN_UNGUARDED_AVAILABILITY = YES_AGGRESSIVE;
				CLANG_WARN_UNREACHABLE_CODE = YES;
				CLANG_WARN__DUPLICATE_METHOD_MATCH = YES;
				COPY_PHASE_STRIP = NO;
				DEBUG_INFORMATION_FORMAT = dwarf;
				ENABLE_STRICT_OBJC_MSGSEND = YES;
				ENABLE_TESTABILITY = YES;
				GCC_C_LANGUAGE_STANDARD = gnu11;
				GCC_DYNAMIC_NO_PIC = NO;
				GCC_NO_COMMON_BLOCKS = YES;
				GCC_OPTIMIZATION_LEVEL = 0;
				GCC_PREPROCESSOR_DEFINITIONS = (
					"DEBUG=1",
					"$(inherited)",
				);
				GCC_WARN_64_TO_32_BIT_CONVERSION = YES;
				GCC_WARN_ABOUT_RETURN_TYPE = YES_ERROR;
				GCC_WARN_UNDECLARED_SELECTOR = YES;
				GCC_WARN_UNINITIALIZED_AUTOS = YES_AGGRESSIVE;
				GCC_WARN_UNUSED_FUNCTION = YES;
				GCC_WARN_UNUSED_VARIABLE = YES;
				IPHONEOS_DEPLOYMENT_TARGET = 13.2;
				MTL_ENABLE_DEBUG_INFO = INCLUDE_SOURCE;
				MTL_FAST_MATH = YES;
				ONLY_ACTIVE_ARCH = YES;
				SDKROOT = iphoneos;
				SWIFT_ACTIVE_COMPILATION_CONDITIONS = DEBUG;
				SWIFT_OPTIMIZATION_LEVEL = "-Onone";
			};
			name = Debug;
		};
		85C118DB23CF420E005F32E0 /* Release */ = {
			isa = XCBuildConfiguration;
			buildSettings = {
				ALWAYS_SEARCH_USER_PATHS = NO;
				CLANG_ANALYZER_NONNULL = YES;
				CLANG_ANALYZER_NUMBER_OBJECT_CONVERSION = YES_AGGRESSIVE;
				CLANG_CXX_LANGUAGE_STANDARD = "gnu++14";
				CLANG_CXX_LIBRARY = "libc++";
				CLANG_ENABLE_MODULES = YES;
				CLANG_ENABLE_OBJC_ARC = YES;
				CLANG_ENABLE_OBJC_WEAK = YES;
				CLANG_WARN_BLOCK_CAPTURE_AUTORELEASING = YES;
				CLANG_WARN_BOOL_CONVERSION = YES;
				CLANG_WARN_COMMA = YES;
				CLANG_WARN_CONSTANT_CONVERSION = YES;
				CLANG_WARN_DEPRECATED_OBJC_IMPLEMENTATIONS = YES;
				CLANG_WARN_DIRECT_OBJC_ISA_USAGE = YES_ERROR;
				CLANG_WARN_DOCUMENTATION_COMMENTS = YES;
				CLANG_WARN_EMPTY_BODY = YES;
				CLANG_WARN_ENUM_CONVERSION = YES;
				CLANG_WARN_INFINITE_RECURSION = YES;
				CLANG_WARN_INT_CONVERSION = YES;
				CLANG_WARN_NON_LITERAL_NULL_CONVERSION = YES;
				CLANG_WARN_OBJC_IMPLICIT_RETAIN_SELF = YES;
				CLANG_WARN_OBJC_LITERAL_CONVERSION = YES;
				CLANG_WARN_OBJC_ROOT_CLASS = YES_ERROR;
				CLANG_WARN_RANGE_LOOP_ANALYSIS = YES;
				CLANG_WARN_STRICT_PROTOTYPES = YES;
				CLANG_WARN_SUSPICIOUS_MOVE = YES;
				CLANG_WARN_UNGUARDED_AVAILABILITY = YES_AGGRESSIVE;
				CLANG_WARN_UNREACHABLE_CODE = YES;
				CLANG_WARN__DUPLICATE_METHOD_MATCH = YES;
				COPY_PHASE_STRIP = NO;
				DEBUG_INFORMATION_FORMAT = "dwarf-with-dsym";
				ENABLE_NS_ASSERTIONS = NO;
				ENABLE_STRICT_OBJC_MSGSEND = YES;
				GCC_C_LANGUAGE_STANDARD = gnu11;
				GCC_NO_COMMON_BLOCKS = YES;
				GCC_WARN_64_TO_32_BIT_CONVERSION = YES;
				GCC_WARN_ABOUT_RETURN_TYPE = YES_ERROR;
				GCC_WARN_UNDECLARED_SELECTOR = YES;
				GCC_WARN_UNINITIALIZED_AUTOS = YES_AGGRESSIVE;
				GCC_WARN_UNUSED_FUNCTION = YES;
				GCC_WARN_UNUSED_VARIABLE = YES;
				IPHONEOS_DEPLOYMENT_TARGET = 13.2;
				MTL_ENABLE_DEBUG_INFO = NO;
				MTL_FAST_MATH = YES;
				SDKROOT = iphoneos;
				SWIFT_COMPILATION_MODE = wholemodule;
				SWIFT_OPTIMIZATION_LEVEL = "-O";
				VALIDATE_PRODUCT = YES;
			};
			name = Release;
		};
		85C118DD23CF420E005F32E0 /* Debug */ = {
			isa = XCBuildConfiguration;
			buildSettings = {
				ASSETCATALOG_COMPILER_APPICON_NAME = AppIcon;
				CODE_SIGN_STYLE = Automatic;
				INFOPLIST_FILE = TripSome/Info.plist;
				LD_RUNPATH_SEARCH_PATHS = (
					"$(inherited)",
					"@executable_path/Frameworks",
				);
				PRODUCT_BUNDLE_IDENTIFIER = Bma.TripSome;
				PRODUCT_NAME = "$(TARGET_NAME)";
				SWIFT_VERSION = 5.0;
				TARGETED_DEVICE_FAMILY = "1,2";
			};
			name = Debug;
		};
		85C118DE23CF420E005F32E0 /* Release */ = {
			isa = XCBuildConfiguration;
			buildSettings = {
				ASSETCATALOG_COMPILER_APPICON_NAME = AppIcon;
				CODE_SIGN_STYLE = Automatic;
				INFOPLIST_FILE = TripSome/Info.plist;
				LD_RUNPATH_SEARCH_PATHS = (
					"$(inherited)",
					"@executable_path/Frameworks",
				);
				PRODUCT_BUNDLE_IDENTIFIER = Bma.TripSome;
				PRODUCT_NAME = "$(TARGET_NAME)";
				SWIFT_VERSION = 5.0;
				TARGETED_DEVICE_FAMILY = "1,2";
			};
			name = Release;
		};
/* End XCBuildConfiguration section */

/* Begin XCConfigurationList section */
		85C118C323CF420D005F32E0 /* Build configuration list for PBXProject "TripSome" */ = {
			isa = XCConfigurationList;
			buildConfigurations = (
				85C118DA23CF420E005F32E0 /* Debug */,
				85C118DB23CF420E005F32E0 /* Release */,
			);
			defaultConfigurationIsVisible = 0;
			defaultConfigurationName = Release;
		};
		85C118DC23CF420E005F32E0 /* Build configuration list for PBXNativeTarget "TripSome" */ = {
			isa = XCConfigurationList;
			buildConfigurations = (
				85C118DD23CF420E005F32E0 /* Debug */,
				85C118DE23CF420E005F32E0 /* Release */,
			);
			defaultConfigurationIsVisible = 0;
			defaultConfigurationName = Release;
		};
/* End XCConfigurationList section */
	};
	rootObject = 85C118C023CF420D005F32E0 /* Project object */;
}
